// !$*UTF8*$!
{
	archiveVersion = 1;
	classes = {
	};
	objectVersion = 56;
	objects = {

/* Begin PBXBuildFile section */
		004FA3B62BA99B8D00517410 /* ClothingAppNewApp.swift in Sources */ = {isa = PBXBuildFile; fileRef = 004FA3B52BA99B8D00517410 /* ClothingAppNewApp.swift */; };
		004FA3B82BA99B8D00517410 /* ContentView.swift in Sources */ = {isa = PBXBuildFile; fileRef = 004FA3B72BA99B8D00517410 /* ContentView.swift */; };
		004FA3BA2BA99B8E00517410 /* Assets.xcassets in Resources */ = {isa = PBXBuildFile; fileRef = 004FA3B92BA99B8E00517410 /* Assets.xcassets */; };
		004FA3BD2BA99B8E00517410 /* Preview Assets.xcassets in Resources */ = {isa = PBXBuildFile; fileRef = 004FA3BC2BA99B8E00517410 /* Preview Assets.xcassets */; };
		004FA3CA2BA99CE400517410 /* WelcomeView.swift in Sources */ = {isa = PBXBuildFile; fileRef = 004FA3C92BA99CE400517410 /* WelcomeView.swift */; };
		004FA3CD2BA99D3600517410 /* Launch Screen.storyboard in Resources */ = {isa = PBXBuildFile; fileRef = 004FA3CC2BA99D3600517410 /* Launch Screen.storyboard */; };
		004FA3CF2BA99EC500517410 /* ButtonUI.swift in Sources */ = {isa = PBXBuildFile; fileRef = 004FA3CE2BA99EC500517410 /* ButtonUI.swift */; };
		004FA3D12BA99F3800517410 /* SignInView.swift in Sources */ = {isa = PBXBuildFile; fileRef = 004FA3D02BA99F3800517410 /* SignInView.swift */; };
		265CC6122BA9BA0F00EF8B5C /* UIExtension.swift in Sources */ = {isa = PBXBuildFile; fileRef = 265CC6112BA9BA0F00EF8B5C /* UIExtension.swift */; };
		265CC6142BA9BECE00EF8B5C /* NavBarView in Sources */ = {isa = PBXBuildFile; fileRef = 265CC6132BA9BECE00EF8B5C /* NavBarView */; };
		265CC6162BA9C2B700EF8B5C /* HomeView.swift in Sources */ = {isa = PBXBuildFile; fileRef = 265CC6152BA9C2B700EF8B5C /* HomeView.swift */; };
		265CC6182BA9C2D200EF8B5C /* ExploreView.swift in Sources */ = {isa = PBXBuildFile; fileRef = 265CC6172BA9C2D200EF8B5C /* ExploreView.swift */; };
		265CC61A2BA9C2E800EF8B5C /* FavoriteView.swift in Sources */ = {isa = PBXBuildFile; fileRef = 265CC6192BA9C2E800EF8B5C /* FavoriteView.swift */; };
		265CC61C2BA9C2F600EF8B5C /* CartView.swift in Sources */ = {isa = PBXBuildFile; fileRef = 265CC61B2BA9C2F600EF8B5C /* CartView.swift */; };
		265CC61E2BA9C30C00EF8B5C /* ProfileView.swift in Sources */ = {isa = PBXBuildFile; fileRef = 265CC61D2BA9C30C00EF8B5C /* ProfileView.swift */; };
		265CC6202BA9C35E00EF8B5C /* NavBarView.swift in Sources */ = {isa = PBXBuildFile; fileRef = 265CC61F2BA9C35E00EF8B5C /* NavBarView.swift */; };
/* End PBXBuildFile section */

/* Begin PBXFileReference section */
		004FA3B22BA99B8D00517410 /* ClothingAppNew.app */ = {isa = PBXFileReference; explicitFileType = wrapper.application; includeInIndex = 0; path = ClothingAppNew.app; sourceTree = BUILT_PRODUCTS_DIR; };
		004FA3B52BA99B8D00517410 /* ClothingAppNewApp.swift */ = {isa = PBXFileReference; lastKnownFileType = sourcecode.swift; path = ClothingAppNewApp.swift; sourceTree = "<group>"; };
		004FA3B72BA99B8D00517410 /* ContentView.swift */ = {isa = PBXFileReference; lastKnownFileType = sourcecode.swift; path = ContentView.swift; sourceTree = "<group>"; };
		004FA3B92BA99B8E00517410 /* Assets.xcassets */ = {isa = PBXFileReference; lastKnownFileType = folder.assetcatalog; path = Assets.xcassets; sourceTree = "<group>"; };
		004FA3BC2BA99B8E00517410 /* Preview Assets.xcassets */ = {isa = PBXFileReference; lastKnownFileType = folder.assetcatalog; path = "Preview Assets.xcassets"; sourceTree = "<group>"; };
		004FA3C92BA99CE400517410 /* WelcomeView.swift */ = {isa = PBXFileReference; lastKnownFileType = sourcecode.swift; path = WelcomeView.swift; sourceTree = "<group>"; };
		004FA3CC2BA99D3600517410 /* Launch Screen.storyboard */ = {isa = PBXFileReference; lastKnownFileType = file.storyboard; path = "Launch Screen.storyboard"; sourceTree = "<group>"; };
		004FA3CE2BA99EC500517410 /* ButtonUI.swift */ = {isa = PBXFileReference; lastKnownFileType = sourcecode.swift; path = ButtonUI.swift; sourceTree = "<group>"; };
		004FA3D02BA99F3800517410 /* SignInView.swift */ = {isa = PBXFileReference; lastKnownFileType = sourcecode.swift; path = SignInView.swift; sourceTree = "<group>"; };
		265CC6112BA9BA0F00EF8B5C /* UIExtension.swift */ = {isa = PBXFileReference; lastKnownFileType = sourcecode.swift; path = UIExtension.swift; sourceTree = "<group>"; };
		265CC6132BA9BECE00EF8B5C /* NavBarView */ = {isa = PBXFileReference; lastKnownFileType = text; path = NavBarView; sourceTree = "<group>"; };
		265CC6152BA9C2B700EF8B5C /* HomeView.swift */ = {isa = PBXFileReference; lastKnownFileType = sourcecode.swift; path = HomeView.swift; sourceTree = "<group>"; };
		265CC6172BA9C2D200EF8B5C /* ExploreView.swift */ = {isa = PBXFileReference; lastKnownFileType = sourcecode.swift; path = ExploreView.swift; sourceTree = "<group>"; };
		265CC6192BA9C2E800EF8B5C /* FavoriteView.swift */ = {isa = PBXFileReference; lastKnownFileType = sourcecode.swift; path = FavoriteView.swift; sourceTree = "<group>"; };
		265CC61B2BA9C2F600EF8B5C /* CartView.swift */ = {isa = PBXFileReference; lastKnownFileType = sourcecode.swift; path = CartView.swift; sourceTree = "<group>"; };
		265CC61D2BA9C30C00EF8B5C /* ProfileView.swift */ = {isa = PBXFileReference; lastKnownFileType = sourcecode.swift; path = ProfileView.swift; sourceTree = "<group>"; };
		265CC61F2BA9C35E00EF8B5C /* NavBarView.swift */ = {isa = PBXFileReference; lastKnownFileType = sourcecode.swift; path = NavBarView.swift; sourceTree = "<group>"; };
/* End PBXFileReference section */

/* Begin PBXFrameworksBuildPhase section */
		004FA3AF2BA99B8D00517410 /* Frameworks */ = {
			isa = PBXFrameworksBuildPhase;
			buildActionMask = 2147483647;
			files = (
			);
			runOnlyForDeploymentPostprocessing = 0;
		};
/* End PBXFrameworksBuildPhase section */

/* Begin PBXGroup section */
		004FA3A92BA99B8D00517410 = {
			isa = PBXGroup;
			children = (
				004FA3B42BA99B8D00517410 /* ClothingAppNew */,
				004FA3B32BA99B8D00517410 /* Products */,
			);
			sourceTree = "<group>";
		};
		004FA3B32BA99B8D00517410 /* Products */ = {
			isa = PBXGroup;
			children = (
				004FA3B22BA99B8D00517410 /* ClothingAppNew.app */,
			);
			name = Products;
			sourceTree = "<group>";
		};
		004FA3B42BA99B8D00517410 /* ClothingAppNew */ = {
			isa = PBXGroup;
			children = (
				004FA3C62BA99C2A00517410 /* UIComponents */,
				004FA3C52BA99C1E00517410 /* ViewModel */,
				004FA3C42BA99C1600517410 /* View */,
				004FA3C32BA99C0E00517410 /* Model */,
				004FA3B52BA99B8D00517410 /* ClothingAppNewApp.swift */,
				004FA3B72BA99B8D00517410 /* ContentView.swift */,
				004FA3B92BA99B8E00517410 /* Assets.xcassets */,
				004FA3BB2BA99B8E00517410 /* Preview Content */,
				004FA3CC2BA99D3600517410 /* Launch Screen.storyboard */,
			);
			path = ClothingAppNew;
			sourceTree = "<group>";
		};
		004FA3BB2BA99B8E00517410 /* Preview Content */ = {
			isa = PBXGroup;
			children = (
				004FA3BC2BA99B8E00517410 /* Preview Assets.xcassets */,
			);
			path = "Preview Content";
			sourceTree = "<group>";
		};
		004FA3C32BA99C0E00517410 /* Model */ = {
			isa = PBXGroup;
			children = (
			);
			path = Model;
			sourceTree = "<group>";
		};
		004FA3C42BA99C1600517410 /* View */ = {
			isa = PBXGroup;
			children = (
				004FA3C92BA99CE400517410 /* WelcomeView.swift */,
				004FA3D02BA99F3800517410 /* SignInView.swift */,
				265CC6132BA9BECE00EF8B5C /* NavBarView */,
				265CC6152BA9C2B700EF8B5C /* HomeView.swift */,
				265CC6172BA9C2D200EF8B5C /* ExploreView.swift */,
				265CC6192BA9C2E800EF8B5C /* FavoriteView.swift */,
				265CC61B2BA9C2F600EF8B5C /* CartView.swift */,
				265CC61D2BA9C30C00EF8B5C /* ProfileView.swift */,
				265CC61F2BA9C35E00EF8B5C /* NavBarView.swift */,
				004FA3C82BA99CA300517410 /* Login */,
			);
			path = View;
			sourceTree = "<group>";
		};
		004FA3C52BA99C1E00517410 /* ViewModel */ = {
			isa = PBXGroup;
			children = (
			);
			path = ViewModel;
			sourceTree = "<group>";
		};
		004FA3C62BA99C2A00517410 /* UIComponents */ = {
			isa = PBXGroup;
			children = (
				004FA3CE2BA99EC500517410 /* ButtonUI.swift */,
				265CC6112BA9BA0F00EF8B5C /* UIExtension.swift */,
			);
			path = UIComponents;
			sourceTree = "<group>";
		};
		004FA3C82BA99CA300517410 /* Login */ = {
			isa = PBXGroup;
			children = (
			);
			path = Login;
			sourceTree = "<group>";
		};
/* End PBXGroup section */

/* Begin PBXNativeTarget section */
		004FA3B12BA99B8D00517410 /* ClothingAppNew */ = {
			isa = PBXNativeTarget;
			buildConfigurationList = 004FA3C02BA99B8E00517410 /* Build configuration list for PBXNativeTarget "ClothingAppNew" */;
			buildPhases = (
				004FA3AE2BA99B8D00517410 /* Sources */,
				004FA3AF2BA99B8D00517410 /* Frameworks */,
				004FA3B02BA99B8D00517410 /* Resources */,
			);
			buildRules = (
			);
			dependencies = (
			);
			name = ClothingAppNew;
			productName = ClothingAppNew;
			productReference = 004FA3B22BA99B8D00517410 /* ClothingAppNew.app */;
			productType = "com.apple.product-type.application";
		};
/* End PBXNativeTarget section */

/* Begin PBXProject section */
		004FA3AA2BA99B8D00517410 /* Project object */ = {
			isa = PBXProject;
			attributes = {
				BuildIndependentTargetsInParallel = 1;
				LastSwiftUpdateCheck = 1520;
				LastUpgradeCheck = 1520;
				TargetAttributes = {
					004FA3B12BA99B8D00517410 = {
						CreatedOnToolsVersion = 15.2;
					};
				};
			};
			buildConfigurationList = 004FA3AD2BA99B8D00517410 /* Build configuration list for PBXProject "ClothingAppNew" */;
			compatibilityVersion = "Xcode 14.0";
			developmentRegion = en;
			hasScannedForEncodings = 0;
			knownRegions = (
				en,
				Base,
			);
			mainGroup = 004FA3A92BA99B8D00517410;
			productRefGroup = 004FA3B32BA99B8D00517410 /* Products */;
			projectDirPath = "";
			projectRoot = "";
			targets = (
				004FA3B12BA99B8D00517410 /* ClothingAppNew */,
			);
		};
/* End PBXProject section */

/* Begin PBXResourcesBuildPhase section */
		004FA3B02BA99B8D00517410 /* Resources */ = {
			isa = PBXResourcesBuildPhase;
			buildActionMask = 2147483647;
			files = (
				004FA3CD2BA99D3600517410 /* Launch Screen.storyboard in Resources */,
				004FA3BD2BA99B8E00517410 /* Preview Assets.xcassets in Resources */,
				004FA3BA2BA99B8E00517410 /* Assets.xcassets in Resources */,
			);
			runOnlyForDeploymentPostprocessing = 0;
		};
/* End PBXResourcesBuildPhase section */

/* Begin PBXSourcesBuildPhase section */
		004FA3AE2BA99B8D00517410 /* Sources */ = {
			isa = PBXSourcesBuildPhase;
			buildActionMask = 2147483647;
			files = (
				004FA3B82BA99B8D00517410 /* ContentView.swift in Sources */,
				265CC6182BA9C2D200EF8B5C /* ExploreView.swift in Sources */,
				265CC6142BA9BECE00EF8B5C /* NavBarView in Sources */,
				265CC6122BA9BA0F00EF8B5C /* UIExtension.swift in Sources */,
				265CC61E2BA9C30C00EF8B5C /* ProfileView.swift in Sources */,
				004FA3CA2BA99CE400517410 /* WelcomeView.swift in Sources */,
				004FA3B62BA99B8D00517410 /* ClothingAppNewApp.swift in Sources */,
				265CC61C2BA9C2F600EF8B5C /* CartView.swift in Sources */,
				265CC6162BA9C2B700EF8B5C /* HomeView.swift in Sources */,
				265CC6202BA9C35E00EF8B5C /* NavBarView.swift in Sources */,
				004FA3CF2BA99EC500517410 /* ButtonUI.swift in Sources */,
				265CC61A2BA9C2E800EF8B5C /* FavoriteView.swift in Sources */,
				004FA3D12BA99F3800517410 /* SignInView.swift in Sources */,
			);
			runOnlyForDeploymentPostprocessing = 0;
		};
/* End PBXSourcesBuildPhase section */

/* Begin XCBuildConfiguration section */
		004FA3BE2BA99B8E00517410 /* Debug */ = {
			isa = XCBuildConfiguration;
			buildSettings = {
				ALWAYS_SEARCH_USER_PATHS = NO;
				ASSETCATALOG_COMPILER_GENERATE_SWIFT_ASSET_SYMBOL_EXTENSIONS = YES;
				CLANG_ANALYZER_NONNULL = YES;
				CLANG_ANALYZER_NUMBER_OBJECT_CONVERSION = YES_AGGRESSIVE;
				CLANG_CXX_LANGUAGE_STANDARD = "gnu++20";
				CLANG_ENABLE_MODULES = YES;
				CLANG_ENABLE_OBJC_ARC = YES;
				CLANG_ENABLE_OBJC_WEAK = YES;
				CLANG_WARN_BLOCK_CAPTURE_AUTORELEASING = YES;
				CLANG_WARN_BOOL_CONVERSION = YES;
				CLANG_WARN_COMMA = YES;
				CLANG_WARN_CONSTANT_CONVERSION = YES;
				CLANG_WARN_DEPRECATED_OBJC_IMPLEMENTATIONS = YES;
				CLANG_WARN_DIRECT_OBJC_ISA_USAGE = YES_ERROR;
				CLANG_WARN_DOCUMENTATION_COMMENTS = YES;
				CLANG_WARN_EMPTY_BODY = YES;
				CLANG_WARN_ENUM_CONVERSION = YES;
				CLANG_WARN_INFINITE_RECURSION = YES;
				CLANG_WARN_INT_CONVERSION = YES;
				CLANG_WARN_NON_LITERAL_NULL_CONVERSION = YES;
				CLANG_WARN_OBJC_IMPLICIT_RETAIN_SELF = YES;
				CLANG_WARN_OBJC_LITERAL_CONVERSION = YES;
				CLANG_WARN_OBJC_ROOT_CLASS = YES_ERROR;
				CLANG_WARN_QUOTED_INCLUDE_IN_FRAMEWORK_HEADER = YES;
				CLANG_WARN_RANGE_LOOP_ANALYSIS = YES;
				CLANG_WARN_STRICT_PROTOTYPES = YES;
				CLANG_WARN_SUSPICIOUS_MOVE = YES;
				CLANG_WARN_UNGUARDED_AVAILABILITY = YES_AGGRESSIVE;
				CLANG_WARN_UNREACHABLE_CODE = YES;
				CLANG_WARN__DUPLICATE_METHOD_MATCH = YES;
				COPY_PHASE_STRIP = NO;
				DEBUG_INFORMATION_FORMAT = dwarf;
				ENABLE_STRICT_OBJC_MSGSEND = YES;
				ENABLE_TESTABILITY = YES;
				ENABLE_USER_SCRIPT_SANDBOXING = YES;
				GCC_C_LANGUAGE_STANDARD = gnu17;
				GCC_DYNAMIC_NO_PIC = NO;
				GCC_NO_COMMON_BLOCKS = YES;
				GCC_OPTIMIZATION_LEVEL = 0;
				GCC_PREPROCESSOR_DEFINITIONS = (
					"DEBUG=1",
					"$(inherited)",
				);
				GCC_WARN_64_TO_32_BIT_CONVERSION = YES;
				GCC_WARN_ABOUT_RETURN_TYPE = YES_ERROR;
				GCC_WARN_UNDECLARED_SELECTOR = YES;
				GCC_WARN_UNINITIALIZED_AUTOS = YES_AGGRESSIVE;
				GCC_WARN_UNUSED_FUNCTION = YES;
				GCC_WARN_UNUSED_VARIABLE = YES;
				IPHONEOS_DEPLOYMENT_TARGET = 17.2;
				LOCALIZATION_PREFERS_STRING_CATALOGS = YES;
				MTL_ENABLE_DEBUG_INFO = INCLUDE_SOURCE;
				MTL_FAST_MATH = YES;
				ONLY_ACTIVE_ARCH = YES;
				SDKROOT = iphoneos;
				SWIFT_ACTIVE_COMPILATION_CONDITIONS = "DEBUG $(inherited)";
				SWIFT_OPTIMIZATION_LEVEL = "-Onone";
			};
			name = Debug;
		};
		004FA3BF2BA99B8E00517410 /* Release */ = {
			isa = XCBuildConfiguration;
			buildSettings = {
				ALWAYS_SEARCH_USER_PATHS = NO;
				ASSETCATALOG_COMPILER_GENERATE_SWIFT_ASSET_SYMBOL_EXTENSIONS = YES;
				CLANG_ANALYZER_NONNULL = YES;
				CLANG_ANALYZER_NUMBER_OBJECT_CONVERSION = YES_AGGRESSIVE;
				CLANG_CXX_LANGUAGE_STANDARD = "gnu++20";
				CLANG_ENABLE_MODULES = YES;
				CLANG_ENABLE_OBJC_ARC = YES;
				CLANG_ENABLE_OBJC_WEAK = YES;
				CLANG_WARN_BLOCK_CAPTURE_AUTORELEASING = YES;
				CLANG_WARN_BOOL_CONVERSION = YES;
				CLANG_WARN_COMMA = YES;
				CLANG_WARN_CONSTANT_CONVERSION = YES;
				CLANG_WARN_DEPRECATED_OBJC_IMPLEMENTATIONS = YES;
				CLANG_WARN_DIRECT_OBJC_ISA_USAGE = YES_ERROR;
				CLANG_WARN_DOCUMENTATION_COMMENTS = YES;
				CLANG_WARN_EMPTY_BODY = YES;
				CLANG_WARN_ENUM_CONVERSION = YES;
				CLANG_WARN_INFINITE_RECURSION = YES;
				CLANG_WARN_INT_CONVERSION = YES;
				CLANG_WARN_NON_LITERAL_NULL_CONVERSION = YES;
				CLANG_WARN_OBJC_IMPLICIT_RETAIN_SELF = YES;
				CLANG_WARN_OBJC_LITERAL_CONVERSION = YES;
				CLANG_WARN_OBJC_ROOT_CLASS = YES_ERROR;
				CLANG_WARN_QUOTED_INCLUDE_IN_FRAMEWORK_HEADER = YES;
				CLANG_WARN_RANGE_LOOP_ANALYSIS = YES;
				CLANG_WARN_STRICT_PROTOTYPES = YES;
				CLANG_WARN_SUSPICIOUS_MOVE = YES;
				CLANG_WARN_UNGUARDED_AVAILABILITY = YES_AGGRESSIVE;
				CLANG_WARN_UNREACHABLE_CODE = YES;
				CLANG_WARN__DUPLICATE_METHOD_MATCH = YES;
				COPY_PHASE_STRIP = NO;
				DEBUG_INFORMATION_FORMAT = "dwarf-with-dsym";
				ENABLE_NS_ASSERTIONS = NO;
				ENABLE_STRICT_OBJC_MSGSEND = YES;
				ENABLE_USER_SCRIPT_SANDBOXING = YES;
				GCC_C_LANGUAGE_STANDARD = gnu17;
				GCC_NO_COMMON_BLOCKS = YES;
				GCC_WARN_64_TO_32_BIT_CONVERSION = YES;
				GCC_WARN_ABOUT_RETURN_TYPE = YES_ERROR;
				GCC_WARN_UNDECLARED_SELECTOR = YES;
				GCC_WARN_UNINITIALIZED_AUTOS = YES_AGGRESSIVE;
				GCC_WARN_UNUSED_FUNCTION = YES;
				GCC_WARN_UNUSED_VARIABLE = YES;
				IPHONEOS_DEPLOYMENT_TARGET = 17.2;
				LOCALIZATION_PREFERS_STRING_CATALOGS = YES;
				MTL_ENABLE_DEBUG_INFO = NO;
				MTL_FAST_MATH = YES;
				SDKROOT = iphoneos;
				SWIFT_COMPILATION_MODE = wholemodule;
				VALIDATE_PRODUCT = YES;
			};
			name = Release;
		};
		004FA3C12BA99B8E00517410 /* Debug */ = {
			isa = XCBuildConfiguration;
			buildSettings = {
				ASSETCATALOG_COMPILER_APPICON_NAME = AppIcon;
				ASSETCATALOG_COMPILER_GLOBAL_ACCENT_COLOR_NAME = AccentColor;
				CODE_SIGN_STYLE = Automatic;
				CURRENT_PROJECT_VERSION = 1;
				DEVELOPMENT_ASSET_PATHS = "\"ClothingAppNew/Preview Content\"";
				DEVELOPMENT_TEAM = R53G3HVJMA;
				ENABLE_PREVIEWS = YES;
				GENERATE_INFOPLIST_FILE = YES;
				INFOPLIST_KEY_UIApplicationSceneManifest_Generation = YES;
				INFOPLIST_KEY_UIApplicationSupportsIndirectInputEvents = YES;
				INFOPLIST_KEY_UILaunchScreen_Generation = YES;
				INFOPLIST_KEY_UISupportedInterfaceOrientations_iPad = "UIInterfaceOrientationPortrait UIInterfaceOrientationPortraitUpsideDown UIInterfaceOrientationLandscapeLeft UIInterfaceOrientationLandscapeRight";
				INFOPLIST_KEY_UISupportedInterfaceOrientations_iPhone = "UIInterfaceOrientationPortrait UIInterfaceOrientationLandscapeLeft UIInterfaceOrientationLandscapeRight";
				LD_RUNPATH_SEARCH_PATHS = (
					"$(inherited)",
					"@executable_path/Frameworks",
				);
				MARKETING_VERSION = 1.0;
				PRODUCT_BUNDLE_IDENTIFIER = "-234.ClothingAppNew";
				PRODUCT_NAME = "$(TARGET_NAME)";
				SWIFT_EMIT_LOC_STRINGS = YES;
				SWIFT_VERSION = 5.0;
				TARGETED_DEVICE_FAMILY = "1,2";
			};
			name = Debug;
		};
		004FA3C22BA99B8E00517410 /* Release */ = {
			isa = XCBuildConfiguration;
			buildSettings = {
				ASSETCATALOG_COMPILER_APPICON_NAME = AppIcon;
				ASSETCATALOG_COMPILER_GLOBAL_ACCENT_COLOR_NAME = AccentColor;
				CODE_SIGN_STYLE = Automatic;
				CURRENT_PROJECT_VERSION = 1;
				DEVELOPMENT_ASSET_PATHS = "\"ClothingAppNew/Preview Content\"";
				DEVELOPMENT_TEAM = R53G3HVJMA;
				ENABLE_PREVIEWS = YES;
				GENERATE_INFOPLIST_FILE = YES;
				INFOPLIST_KEY_UIApplicationSceneManifest_Generation = YES;
				INFOPLIST_KEY_UIApplicationSupportsIndirectInputEvents = YES;
				INFOPLIST_KEY_UILaunchScreen_Generation = YES;
				INFOPLIST_KEY_UISupportedInterfaceOrientations_iPad = "UIInterfaceOrientationPortrait UIInterfaceOrientationPortraitUpsideDown UIInterfaceOrientationLandscapeLeft UIInterfaceOrientationLandscapeRight";
				INFOPLIST_KEY_UISupportedInterfaceOrientations_iPhone = "UIInterfaceOrientationPortrait UIInterfaceOrientationLandscapeLeft UIInterfaceOrientationLandscapeRight";
				LD_RUNPATH_SEARCH_PATHS = (
					"$(inherited)",
					"@executable_path/Frameworks",
				);
				MARKETING_VERSION = 1.0;
				PRODUCT_BUNDLE_IDENTIFIER = "-234.ClothingAppNew";
				PRODUCT_NAME = "$(TARGET_NAME)";
				SWIFT_EMIT_LOC_STRINGS = YES;
				SWIFT_VERSION = 5.0;
				TARGETED_DEVICE_FAMILY = "1,2";
			};
			name = Release;
		};
/* End XCBuildConfiguration section */

/* Begin XCConfigurationList section */
		004FA3AD2BA99B8D00517410 /* Build configuration list for PBXProject "ClothingAppNew" */ = {
			isa = XCConfigurationList;
			buildConfigurations = (
				004FA3BE2BA99B8E00517410 /* Debug */,
				004FA3BF2BA99B8E00517410 /* Release */,
			);
			defaultConfigurationIsVisible = 0;
			defaultConfigurationName = Release;
		};
		004FA3C02BA99B8E00517410 /* Build configuration list for PBXNativeTarget "ClothingAppNew" */ = {
			isa = XCConfigurationList;
			buildConfigurations = (
				004FA3C12BA99B8E00517410 /* Debug */,
				004FA3C22BA99B8E00517410 /* Release */,
			);
			defaultConfigurationIsVisible = 0;
			defaultConfigurationName = Release;
		};
/* End XCConfigurationList section */
	};
	rootObject = 004FA3AA2BA99B8D00517410 /* Project object */;
}
